
Microsoft Visual Studio Solution File, Format Version 12.00
# Visual Studio 15
VisualStudioVersion = 15.0.27703.2026
MinimumVisualStudioVersion = 10.0.40219.1
Project("{2150E333-8FDC-42A3-9474-1A3956D46DE8}") = "src", "src", "{E7D6FBC7-BAE2-44E7-A019-7C23AE8DD852}"
EndProject
Project("{FAE04EC0-301F-11D3-BF4B-00C04F79EFBC}") = "Novacta.Documentation.ShfbTools", "src\Novacta.Documentation.ShfbTools\Novacta.Documentation.ShfbTools.csproj", "{79BEE57C-2170-4564-A25C-ACD8647A2F90}"
EndProject
Global
	GlobalSection(SolutionConfigurationPlatforms) = preSolution
		Debug|Any CPU = Debug|Any CPU
		Release|Any CPU = Release|Any CPU
	EndGlobalSection
	GlobalSection(ProjectConfigurationPlatforms) = postSolution
		{79BEE57C-2170-4564-A25C-ACD8647A2F90}.Debug|Any CPU.ActiveCfg = Debug|Any CPU
		{79BEE57C-2170-4564-A25C-ACD8647A2F90}.Debug|Any CPU.Build.0 = Debug|Any CPU
		{79BEE57C-2170-4564-A25C-ACD8647A2F90}.Release|Any CPU.ActiveCfg = Release|Any CPU
		{79BEE57C-2170-4564-A25C-ACD8647A2F90}.Release|Any CPU.Build.0 = Release|Any CPU
	EndGlobalSection
	GlobalSection(SolutionProperties) = preSolution
		HideSolutionNode = FALSE
	EndGlobalSection
	GlobalSection(NestedProjects) = preSolution
		{79BEE57C-2170-4564-A25C-ACD8647A2F90} = {E7D6FBC7-BAE2-44E7-A019-7C23AE8DD852}
	EndGlobalSection
	GlobalSection(ExtensibilityGlobals) = postSolution
		SolutionGuid = {9B29369F-D88B-434B-AE62-B8C8A5D1A357}
	EndGlobalSection
EndGlobal
